
Microsoft Visual Studio Solution File, Format Version 12.00
# Visual Studio 2013
VisualStudioVersion = 12.0.30324.0
MinimumVisualStudioVersion = 10.0.40219.1
Project("{FAE04EC0-301F-11D3-BF4B-00C04F79EFBC}") = "IoCContainerDemo", "IoCContainerDemo\IoCContainerDemo.csproj", "{A45358CE-8574-4499-A2FE-9C8A5777FEEE}"
EndProject
Project("{FAE04EC0-301F-11D3-BF4B-00C04F79EFBC}") = "ContainerTests", "ContainerTests\ContainerTests.csproj", "{109515AB-BE60-495D-8BE6-5AB561599FB3}"
EndProject
Global
	GlobalSection(SolutionConfigurationPlatforms) = preSolution
		Debug|Any CPU = Debug|Any CPU
		Release|Any CPU = Release|Any CPU
	EndGlobalSection
	GlobalSection(ProjectConfigurationPlatforms) = postSolution
		{A45358CE-8574-4499-A2FE-9C8A5777FEEE}.Debug|Any CPU.ActiveCfg = Debug|Any CPU
		{A45358CE-8574-4499-A2FE-9C8A5777FEEE}.Debug|Any CPU.Build.0 = Debug|Any CPU
		{A45358CE-8574-4499-A2FE-9C8A5777FEEE}.Release|Any CPU.ActiveCfg = Release|Any CPU
		{A45358CE-8574-4499-A2FE-9C8A5777FEEE}.Release|Any CPU.Build.0 = Release|Any CPU
		{109515AB-BE60-495D-8BE6-5AB561599FB3}.Debug|Any CPU.ActiveCfg = Debug|Any CPU
		{109515AB-BE60-495D-8BE6-5AB561599FB3}.Debug|Any CPU.Build.0 = Debug|Any CPU
		{109515AB-BE60-495D-8BE6-5AB561599FB3}.Release|Any CPU.ActiveCfg = Release|Any CPU
		{109515AB-BE60-495D-8BE6-5AB561599FB3}.Release|Any CPU.Build.0 = Release|Any CPU
	EndGlobalSection
	GlobalSection(SolutionProperties) = preSolution
		HideSolutionNode = FALSE
	EndGlobalSection
EndGlobal
